
Microsoft Visual Studio Solution File, Format Version 12.00
# Visual Studio 2013
VisualStudioVersion = 12.0.21005.1
MinimumVisualStudioVersion = 10.0.40219.1
Project("{FAE04EC0-301F-11D3-BF4B-00C04F79EFBC}") = "NServiceBus.SLR", "NServiceBus.SLR\NServiceBus.SLR.csproj", "{CE73B3FA-09A2-46D2-BF4F-5B7E9BB83DD8}"
EndProject
Project("{2150E333-8FDC-42A3-9474-1A3956D46DE8}") = ".nuget", ".nuget", "{2019F16C-995B-4CF0-BEA3-C2153416BF44}"
	ProjectSection(SolutionItems) = preProject
		.nuget\NuGet.Config = .nuget\NuGet.Config
		.nuget\NuGet.exe = .nuget\NuGet.exe
		.nuget\NuGet.targets = .nuget\NuGet.targets
	EndProjectSection
EndProject
Project("{2150E333-8FDC-42A3-9474-1A3956D46DE8}") = "Tests", "Tests", "{23357727-15CE-413E-9856-9136D29C32E9}"
EndProject
Project("{FAE04EC0-301F-11D3-BF4B-00C04F79EFBC}") = "Tests", "Tests\Tests.csproj", "{BDF25059-B5C1-4896-ACBC-571231899DF9}"
EndProject
Global
	GlobalSection(SolutionConfigurationPlatforms) = preSolution
		Debug|Any CPU = Debug|Any CPU
		Release|Any CPU = Release|Any CPU
	EndGlobalSection
	GlobalSection(ProjectConfigurationPlatforms) = postSolution
		{CE73B3FA-09A2-46D2-BF4F-5B7E9BB83DD8}.Debug|Any CPU.ActiveCfg = Debug|Any CPU
		{CE73B3FA-09A2-46D2-BF4F-5B7E9BB83DD8}.Debug|Any CPU.Build.0 = Debug|Any CPU
		{CE73B3FA-09A2-46D2-BF4F-5B7E9BB83DD8}.Release|Any CPU.ActiveCfg = Release|Any CPU
		{CE73B3FA-09A2-46D2-BF4F-5B7E9BB83DD8}.Release|Any CPU.Build.0 = Release|Any CPU
		{BDF25059-B5C1-4896-ACBC-571231899DF9}.Debug|Any CPU.ActiveCfg = Debug|Any CPU
		{BDF25059-B5C1-4896-ACBC-571231899DF9}.Debug|Any CPU.Build.0 = Debug|Any CPU
		{BDF25059-B5C1-4896-ACBC-571231899DF9}.Release|Any CPU.ActiveCfg = Release|Any CPU
		{BDF25059-B5C1-4896-ACBC-571231899DF9}.Release|Any CPU.Build.0 = Release|Any CPU
	EndGlobalSection
	GlobalSection(SolutionProperties) = preSolution
		HideSolutionNode = FALSE
	EndGlobalSection
	GlobalSection(NestedProjects) = preSolution
		{BDF25059-B5C1-4896-ACBC-571231899DF9} = {23357727-15CE-413E-9856-9136D29C32E9}
	EndGlobalSection
EndGlobal
